Microsoft Visual Studio Solution File, Format Version 12.00
# Visual Studio 2012
Project("{FAE04EC0-301F-11D3-BF4B-00C04F79EFBC}") = "Angry Animals", "Angry Animals.csproj", "{EBAB1F10-E9A5-4C05-B5C0-44B73C2DD407}"
EndProject
Global
	GlobalSection(SolutionConfigurationPlatforms) = preSolution
	Debug|Any CPU = Debug|Any CPU
	ExportDebug|Any CPU = ExportDebug|Any CPU
	ExportRelease|Any CPU = ExportRelease|Any CPU
	EndGlobalSection
	GlobalSection(ProjectConfigurationPlatforms) = postSolution
		{EBAB1F10-E9A5-4C05-B5C0-44B73C2DD407}.Debug|Any CPU.ActiveCfg = Debug|Any CPU
		{EBAB1F10-E9A5-4C05-B5C0-44B73C2DD407}.Debug|Any CPU.Build.0 = Debug|Any CPU
		{EBAB1F10-E9A5-4C05-B5C0-44B73C2DD407}.ExportDebug|Any CPU.ActiveCfg = ExportDebug|Any CPU
		{EBAB1F10-E9A5-4C05-B5C0-44B73C2DD407}.ExportDebug|Any CPU.Build.0 = ExportDebug|Any CPU
		{EBAB1F10-E9A5-4C05-B5C0-44B73C2DD407}.ExportRelease|Any CPU.ActiveCfg = ExportRelease|Any CPU
		{EBAB1F10-E9A5-4C05-B5C0-44B73C2DD407}.ExportRelease|Any CPU.Build.0 = ExportRelease|Any CPU
	EndGlobalSection
EndGlobal
